// !$*UTF8*$!
{
	archiveVersion = 1;
	classes = {
	};
	objectVersion = 46;
	objects = {

/* Begin PBXBuildFile section */
		E396888AE7C031B66FB933A3 /* Pods_Beerfinder.framework in Frameworks */ = {isa = PBXBuildFile; fileRef = CD726E50F8899968E013DD1E /* Pods_Beerfinder.framework */; };
		FC0BA2021F2744A300CA2C0F /* Bottleshop.swift in Sources */ = {isa = PBXBuildFile; fileRef = FC0BA1FF1F2744A200CA2C0F /* Bottleshop.swift */; };
		FC0BA2031F2744A300CA2C0F /* HeadingBottleView.swift in Sources */ = {isa = PBXBuildFile; fileRef = FC0BA2001F2744A200CA2C0F /* HeadingBottleView.swift */; };
		FC0BA2041F2744A300CA2C0F /* BottleshopManager.swift in Sources */ = {isa = PBXBuildFile; fileRef = FC0BA2011F2744A300CA2C0F /* BottleshopManager.swift */; };
		FC0BA2061F27488F00CA2C0F /* Headable.swift in Sources */ = {isa = PBXBuildFile; fileRef = FC0BA2051F27488F00CA2C0F /* Headable.swift */; };
		FC0BA2071F27488F00CA2C0F /* Headable.swift in Sources */ = {isa = PBXBuildFile; fileRef = FC0BA2051F27488F00CA2C0F /* Headable.swift */; };
		FCBDD5601F30273D006729A4 /* Credentials.plist in Resources */ = {isa = PBXBuildFile; fileRef = FCBDD55F1F30273D006729A4 /* Credentials.plist */; };
		FCC6D41B1F27152200E8EA1B /* AppDelegate.swift in Sources */ = {isa = PBXBuildFile; fileRef = FCC6D41A1F27152200E8EA1B /* AppDelegate.swift */; };
		FCC6D41D1F27152200E8EA1B /* WayfinderViewController.swift in Sources */ = {isa = PBXBuildFile; fileRef = FCC6D41C1F27152200E8EA1B /* WayfinderViewController.swift */; };
		FCC6D4201F27152200E8EA1B /* Main.storyboard in Resources */ = {isa = PBXBuildFile; fileRef = FCC6D41E1F27152200E8EA1B /* Main.storyboard */; };
		FCC6D4221F27152200E8EA1B /* Assets.xcassets in Resources */ = {isa = PBXBuildFile; fileRef = FCC6D4211F27152200E8EA1B /* Assets.xcassets */; };
		FCC6D4251F27152200E8EA1B /* LaunchScreen.storyboard in Resources */ = {isa = PBXBuildFile; fileRef = FCC6D4231F27152200E8EA1B /* LaunchScreen.storyboard */; };
		FCC6D4331F27154100E8EA1B /* AppDelegate.swift in Sources */ = {isa = PBXBuildFile; fileRef = FCC6D4321F27154100E8EA1B /* AppDelegate.swift */; };
		FCC6D4351F27154100E8EA1B /* BeerfinderViewController.swift in Sources */ = {isa = PBXBuildFile; fileRef = FCC6D4341F27154100E8EA1B /* BeerfinderViewController.swift */; };
		FCC6D4381F27154100E8EA1B /* Main.storyboard in Resources */ = {isa = PBXBuildFile; fileRef = FCC6D4361F27154100E8EA1B /* Main.storyboard */; };
		FCC6D43A1F27154100E8EA1B /* Assets.xcassets in Resources */ = {isa = PBXBuildFile; fileRef = FCC6D4391F27154100E8EA1B /* Assets.xcassets */; };
		FCC6D43D1F27154100E8EA1B /* LaunchScreen.storyboard in Resources */ = {isa = PBXBuildFile; fileRef = FCC6D43B1F27154100E8EA1B /* LaunchScreen.storyboard */; };
		FCC6D44A1F2715ED00E8EA1B /* UserLocationManager.swift in Sources */ = {isa = PBXBuildFile; fileRef = FCC6D4491F2715ED00E8EA1B /* UserLocationManager.swift */; };
		FCC6D44B1F2715ED00E8EA1B /* UserLocationManager.swift in Sources */ = {isa = PBXBuildFile; fileRef = FCC6D4491F2715ED00E8EA1B /* UserLocationManager.swift */; };
		FCC6D44D1F27164100E8EA1B /* HeadingViewController.swift in Sources */ = {isa = PBXBuildFile; fileRef = FCC6D44C1F27164100E8EA1B /* HeadingViewController.swift */; };
		FCC6D44E1F27164100E8EA1B /* HeadingViewController.swift in Sources */ = {isa = PBXBuildFile; fileRef = FCC6D44C1F27164100E8EA1B /* HeadingViewController.swift */; };
		FCC6D4501F27173C00E8EA1B /* LocationSelectionViewController.swift in Sources */ = {isa = PBXBuildFile; fileRef = FCC6D44F1F27173C00E8EA1B /* LocationSelectionViewController.swift */; };
		FCC6D4521F27178800E8EA1B /* HeadingView.swift in Sources */ = {isa = PBXBuildFile; fileRef = FCC6D4511F27178800E8EA1B /* HeadingView.swift */; };
		FCC6D4531F27178800E8EA1B /* HeadingView.swift in Sources */ = {isa = PBXBuildFile; fileRef = FCC6D4511F27178800E8EA1B /* HeadingView.swift */; };
		FCC6D4551F2717D400E8EA1B /* HeadingArrowView.swift in Sources */ = {isa = PBXBuildFile; fileRef = FCC6D4541F2717D400E8EA1B /* HeadingArrowView.swift */; };
		FCC6D4561F2717D400E8EA1B /* HeadingArrowView.swift in Sources */ = {isa = PBXBuildFile; fileRef = FCC6D4541F2717D400E8EA1B /* HeadingArrowView.swift */; };
		FCC6D4581F2730E600E8EA1B /* LocationSearchManager.swift in Sources */ = {isa = PBXBuildFile; fileRef = FCC6D4571F2730E600E8EA1B /* LocationSearchManager.swift */; };
		FCC6D4591F2730E600E8EA1B /* LocationSearchManager.swift in Sources */ = {isa = PBXBuildFile; fileRef = FCC6D4571F2730E600E8EA1B /* LocationSearchManager.swift */; };
		FCF0CC571F74E8020077A72D /* Credentials.swift in Sources */ = {isa = PBXBuildFile; fileRef = FCF0CC561F74E8020077A72D /* Credentials.swift */; };
/* End PBXBuildFile section */

/* Begin PBXFileReference section */
		6921C46C508A29E3D80826C0 /* Pods-Beerfinder.release.xcconfig */ = {isa = PBXFileReference; includeInIndex = 1; lastKnownFileType = text.xcconfig; name = "Pods-Beerfinder.release.xcconfig"; path = "Pods/Target Support Files/Pods-Beerfinder/Pods-Beerfinder.release.xcconfig"; sourceTree = "<group>"; };
		BD4E896A5477F8A85124CC0B /* Pods-Beerfinder.debug.xcconfig */ = {isa = PBXFileReference; includeInIndex = 1; lastKnownFileType = text.xcconfig; name = "Pods-Beerfinder.debug.xcconfig"; path = "Pods/Target Support Files/Pods-Beerfinder/Pods-Beerfinder.debug.xcconfig"; sourceTree = "<group>"; };
		CD726E50F8899968E013DD1E /* Pods_Beerfinder.framework */ = {isa = PBXFileReference; explicitFileType = wrapper.framework; includeInIndex = 0; path = Pods_Beerfinder.framework; sourceTree = BUILT_PRODUCTS_DIR; };
		FC0BA1FF1F2744A200CA2C0F /* Bottleshop.swift */ = {isa = PBXFileReference; fileEncoding = 4; lastKnownFileType = sourcecode.swift; path = Bottleshop.swift; sourceTree = "<group>"; };
		FC0BA2001F2744A200CA2C0F /* HeadingBottleView.swift */ = {isa = PBXFileReference; fileEncoding = 4; lastKnownFileType = sourcecode.swift; path = HeadingBottleView.swift; sourceTree = "<group>"; };
		FC0BA2011F2744A300CA2C0F /* BottleshopManager.swift */ = {isa = PBXFileReference; fileEncoding = 4; lastKnownFileType = sourcecode.swift; path = BottleshopManager.swift; sourceTree = "<group>"; };
		FC0BA2051F27488F00CA2C0F /* Headable.swift */ = {isa = PBXFileReference; lastKnownFileType = sourcecode.swift; name = Headable.swift; path = "Wayfinder Shared/Headable.swift"; sourceTree = "<group>"; };
		FCBDD55F1F30273D006729A4 /* Credentials.plist */ = {isa = PBXFileReference; fileEncoding = 4; lastKnownFileType = text.plist.xml; path = Credentials.plist; sourceTree = "<group>"; };
		FCC6D4171F27152200E8EA1B /* Wayfinder.app */ = {isa = PBXFileReference; explicitFileType = wrapper.application; includeInIndex = 0; path = Wayfinder.app; sourceTree = BUILT_PRODUCTS_DIR; };
		FCC6D41A1F27152200E8EA1B /* AppDelegate.swift */ = {isa = PBXFileReference; lastKnownFileType = sourcecode.swift; path = AppDelegate.swift; sourceTree = "<group>"; };
		FCC6D41C1F27152200E8EA1B /* WayfinderViewController.swift */ = {isa = PBXFileReference; lastKnownFileType = sourcecode.swift; path = WayfinderViewController.swift; sourceTree = "<group>"; };
		FCC6D41F1F27152200E8EA1B /* Base */ = {isa = PBXFileReference; lastKnownFileType = file.storyboard; name = Base; path = Base.lproj/Main.storyboard; sourceTree = "<group>"; };
		FCC6D4211F27152200E8EA1B /* Assets.xcassets */ = {isa = PBXFileReference; lastKnownFileType = folder.assetcatalog; path = Assets.xcassets; sourceTree = "<group>"; };
		FCC6D4241F27152200E8EA1B /* Base */ = {isa = PBXFileReference; lastKnownFileType = file.storyboard; name = Base; path = Base.lproj/LaunchScreen.storyboard; sourceTree = "<group>"; };
		FCC6D4261F27152200E8EA1B /* Info.plist */ = {isa = PBXFileReference; lastKnownFileType = text.plist.xml; path = Info.plist; sourceTree = "<group>"; };
		FCC6D4301F27154100E8EA1B /* Beerfinder.app */ = {isa = PBXFileReference; explicitFileType = wrapper.application; includeInIndex = 0; path = Beerfinder.app; sourceTree = BUILT_PRODUCTS_DIR; };
		FCC6D4321F27154100E8EA1B /* AppDelegate.swift */ = {isa = PBXFileReference; lastKnownFileType = sourcecode.swift; path = AppDelegate.swift; sourceTree = "<group>"; };
		FCC6D4341F27154100E8EA1B /* BeerfinderViewController.swift */ = {isa = PBXFileReference; lastKnownFileType = sourcecode.swift; path = BeerfinderViewController.swift; sourceTree = "<group>"; };
		FCC6D4371F27154100E8EA1B /* Base */ = {isa = PBXFileReference; lastKnownFileType = file.storyboard; name = Base; path = Base.lproj/Main.storyboard; sourceTree = "<group>"; };
		FCC6D4391F27154100E8EA1B /* Assets.xcassets */ = {isa = PBXFileReference; lastKnownFileType = folder.assetcatalog; path = Assets.xcassets; sourceTree = "<group>"; };
		FCC6D43C1F27154100E8EA1B /* Base */ = {isa = PBXFileReference; lastKnownFileType = file.storyboard; name = Base; path = Base.lproj/LaunchScreen.storyboard; sourceTree = "<group>"; };
		FCC6D43E1F27154100E8EA1B /* Info.plist */ = {isa = PBXFileReference; lastKnownFileType = text.plist.xml; path = Info.plist; sourceTree = "<group>"; };
		FCC6D4491F2715ED00E8EA1B /* UserLocationManager.swift */ = {isa = PBXFileReference; fileEncoding = 4; lastKnownFileType = sourcecode.swift; name = UserLocationManager.swift; path = "Wayfinder Shared/UserLocationManager.swift"; sourceTree = "<group>"; };
		FCC6D44C1F27164100E8EA1B /* HeadingViewController.swift */ = {isa = PBXFileReference; fileEncoding = 4; lastKnownFileType = sourcecode.swift; name = HeadingViewController.swift; path = "Wayfinder Shared/HeadingViewController.swift"; sourceTree = "<group>"; };
		FCC6D44F1F27173C00E8EA1B /* LocationSelectionViewController.swift */ = {isa = PBXFileReference; fileEncoding = 4; lastKnownFileType = sourcecode.swift; path = LocationSelectionViewController.swift; sourceTree = "<group>"; };
		FCC6D4511F27178800E8EA1B /* HeadingView.swift */ = {isa = PBXFileReference; fileEncoding = 4; lastKnownFileType = sourcecode.swift; name = HeadingView.swift; path = "Wayfinder Shared/HeadingView.swift"; sourceTree = "<group>"; };
		FCC6D4541F2717D400E8EA1B /* HeadingArrowView.swift */ = {isa = PBXFileReference; fileEncoding = 4; lastKnownFileType = sourcecode.swift; path = HeadingArrowView.swift; sourceTree = "<group>"; };
		FCC6D4571F2730E600E8EA1B /* LocationSearchManager.swift */ = {isa = PBXFileReference; fileEncoding = 4; lastKnownFileType = sourcecode.swift; path = LocationSearchManager.swift; sourceTree = "<group>"; };
		FCF0CC561F74E8020077A72D /* Credentials.swift */ = {isa = PBXFileReference; lastKnownFileType = sourcecode.swift; path = Credentials.swift; sourceTree = "<group>"; };
/* End PBXFileReference section */

/* Begin PBXFrameworksBuildPhase section */
		FCC6D4141F27152200E8EA1B /* Frameworks */ = {
			isa = PBXFrameworksBuildPhase;
			buildActionMask = 2147483647;
			files = (
			);
			runOnlyForDeploymentPostprocessing = 0;
		};
		FCC6D42D1F27154100E8EA1B /* Frameworks */ = {
			isa = PBXFrameworksBuildPhase;
			buildActionMask = 2147483647;
			files = (
				E396888AE7C031B66FB933A3 /* Pods_Beerfinder.framework in Frameworks */,
			);
			runOnlyForDeploymentPostprocessing = 0;
		};
/* End PBXFrameworksBuildPhase section */

/* Begin PBXGroup section */
		AA44CCE340D2C7D489B40D32 /* Frameworks */ = {
			isa = PBXGroup;
			children = (
				CD726E50F8899968E013DD1E /* Pods_Beerfinder.framework */,
			);
			name = Frameworks;
			sourceTree = "<group>";
		};
		B0EE69A3C8FC0357D45352C2 /* Pods */ = {
			isa = PBXGroup;
			children = (
				BD4E896A5477F8A85124CC0B /* Pods-Beerfinder.debug.xcconfig */,
				6921C46C508A29E3D80826C0 /* Pods-Beerfinder.release.xcconfig */,
			);
			name = Pods;
			sourceTree = "<group>";
		};
		FCC6D40E1F27152200E8EA1B = {
			isa = PBXGroup;
			children = (
				FCC6D4481F2715DA00E8EA1B /* Wayfinder Shared */,
				FCC6D4191F27152200E8EA1B /* Wayfinder */,
				FCC6D4311F27154100E8EA1B /* Beerfinder */,
				FCC6D4181F27152200E8EA1B /* Products */,
				B0EE69A3C8FC0357D45352C2 /* Pods */,
				AA44CCE340D2C7D489B40D32 /* Frameworks */,
			);
			sourceTree = "<group>";
		};
		FCC6D4181F27152200E8EA1B /* Products */ = {
			isa = PBXGroup;
			children = (
				FCC6D4171F27152200E8EA1B /* Wayfinder.app */,
				FCC6D4301F27154100E8EA1B /* Beerfinder.app */,
			);
			name = Products;
			sourceTree = "<group>";
		};
		FCC6D4191F27152200E8EA1B /* Wayfinder */ = {
			isa = PBXGroup;
			children = (
				FCC6D41A1F27152200E8EA1B /* AppDelegate.swift */,
				FCC6D41C1F27152200E8EA1B /* WayfinderViewController.swift */,
				FCC6D44F1F27173C00E8EA1B /* LocationSelectionViewController.swift */,
				FCC6D4571F2730E600E8EA1B /* LocationSearchManager.swift */,
				FCC6D4541F2717D400E8EA1B /* HeadingArrowView.swift */,
				FCC6D41E1F27152200E8EA1B /* Main.storyboard */,
				FCC6D4211F27152200E8EA1B /* Assets.xcassets */,
				FCC6D4231F27152200E8EA1B /* LaunchScreen.storyboard */,
				FCC6D4261F27152200E8EA1B /* Info.plist */,
			);
			path = Wayfinder;
			sourceTree = "<group>";
		};
		FCC6D4311F27154100E8EA1B /* Beerfinder */ = {
			isa = PBXGroup;
			children = (
				FCC6D4321F27154100E8EA1B /* AppDelegate.swift */,
				FCC6D4341F27154100E8EA1B /* BeerfinderViewController.swift */,
				FC0BA1FF1F2744A200CA2C0F /* Bottleshop.swift */,
				FC0BA2011F2744A300CA2C0F /* BottleshopManager.swift */,
				FC0BA2001F2744A200CA2C0F /* HeadingBottleView.swift */,
				FCF0CC561F74E8020077A72D /* Credentials.swift */,
				FCC6D4361F27154100E8EA1B /* Main.storyboard */,
				FCC6D4391F27154100E8EA1B /* Assets.xcassets */,
				FCC6D43B1F27154100E8EA1B /* LaunchScreen.storyboard */,
				FCC6D43E1F27154100E8EA1B /* Info.plist */,
				FCBDD55F1F30273D006729A4 /* Credentials.plist */,
			);
			path = Beerfinder;
			sourceTree = "<group>";
		};
		FCC6D4481F2715DA00E8EA1B /* Wayfinder Shared */ = {
			isa = PBXGroup;
			children = (
				FCC6D4491F2715ED00E8EA1B /* UserLocationManager.swift */,
				FCC6D44C1F27164100E8EA1B /* HeadingViewController.swift */,
				FCC6D4511F27178800E8EA1B /* HeadingView.swift */,
				FC0BA2051F27488F00CA2C0F /* Headable.swift */,
			);
			name = "Wayfinder Shared";
			sourceTree = "<group>";
		};
/* End PBXGroup section */

/* Begin PBXNativeTarget section */
		FCC6D4161F27152200E8EA1B /* Wayfinder */ = {
			isa = PBXNativeTarget;
			buildConfigurationList = FCC6D4291F27152200E8EA1B /* Build configuration list for PBXNativeTarget "Wayfinder" */;
			buildPhases = (
				FCC6D4131F27152200E8EA1B /* Sources */,
				FCC6D4141F27152200E8EA1B /* Frameworks */,
				FCC6D4151F27152200E8EA1B /* Resources */,
			);
			buildRules = (
			);
			dependencies = (
			);
			name = Wayfinder;
			productName = Wayfinder;
			productReference = FCC6D4171F27152200E8EA1B /* Wayfinder.app */;
			productType = "com.apple.product-type.application";
		};
		FCC6D42F1F27154100E8EA1B /* Beerfinder */ = {
			isa = PBXNativeTarget;
			buildConfigurationList = FCC6D43F1F27154100E8EA1B /* Build configuration list for PBXNativeTarget "Beerfinder" */;
			buildPhases = (
				C3881535BDCF887EB31A52B2 /* [CP] Check Pods Manifest.lock */,
				FCC6D42C1F27154100E8EA1B /* Sources */,
				FCC6D42D1F27154100E8EA1B /* Frameworks */,
				FCC6D42E1F27154100E8EA1B /* Resources */,
				E96D1212E1396636A70E35D1 /* [CP] Embed Pods Frameworks */,
				65C96C318005FB0B202702B9 /* [CP] Copy Pods Resources */,
			);
			buildRules = (
			);
			dependencies = (
			);
			name = Beerfinder;
			productName = Beerfinder;
			productReference = FCC6D4301F27154100E8EA1B /* Beerfinder.app */;
			productType = "com.apple.product-type.application";
		};
/* End PBXNativeTarget section */

/* Begin PBXProject section */
		FCC6D40F1F27152200E8EA1B /* Project object */ = {
			isa = PBXProject;
			attributes = {
				LastSwiftUpdateCheck = 0830;
				LastUpgradeCheck = 0830;
				ORGANIZATIONNAME = "Dylan Elliott";
				TargetAttributes = {
					FCC6D4161F27152200E8EA1B = {
						CreatedOnToolsVersion = 8.3.2;
						DevelopmentTeam = 6CW3378X23;
						ProvisioningStyle = Manual;
					};
					FCC6D42F1F27154100E8EA1B = {
						CreatedOnToolsVersion = 8.3.2;
						DevelopmentTeam = 6CW3378X23;
						ProvisioningStyle = Manual;
					};
				};
			};
			buildConfigurationList = FCC6D4121F27152200E8EA1B /* Build configuration list for PBXProject "Wayfinder" */;
			compatibilityVersion = "Xcode 3.2";
			developmentRegion = English;
			hasScannedForEncodings = 0;
			knownRegions = (
				en,
				Base,
			);
			mainGroup = FCC6D40E1F27152200E8EA1B;
			productRefGroup = FCC6D4181F27152200E8EA1B /* Products */;
			projectDirPath = "";
			projectRoot = "";
			targets = (
				FCC6D4161F27152200E8EA1B /* Wayfinder */,
				FCC6D42F1F27154100E8EA1B /* Beerfinder */,
			);
		};
/* End PBXProject section */

/* Begin PBXResourcesBuildPhase section */
		FCC6D4151F27152200E8EA1B /* Resources */ = {
			isa = PBXResourcesBuildPhase;
			buildActionMask = 2147483647;
			files = (
				FCC6D4251F27152200E8EA1B /* LaunchScreen.storyboard in Resources */,
				FCC6D4221F27152200E8EA1B /* Assets.xcassets in Resources */,
				FCC6D4201F27152200E8EA1B /* Main.storyboard in Resources */,
			);
			runOnlyForDeploymentPostprocessing = 0;
		};
		FCC6D42E1F27154100E8EA1B /* Resources */ = {
			isa = PBXResourcesBuildPhase;
			buildActionMask = 2147483647;
			files = (
				FCC6D43D1F27154100E8EA1B /* LaunchScreen.storyboard in Resources */,
				FCBDD5601F30273D006729A4 /* Credentials.plist in Resources */,
				FCC6D43A1F27154100E8EA1B /* Assets.xcassets in Resources */,
				FCC6D4381F27154100E8EA1B /* Main.storyboard in Resources */,
			);
			runOnlyForDeploymentPostprocessing = 0;
		};
/* End PBXResourcesBuildPhase section */

/* Begin PBXShellScriptBuildPhase section */
		65C96C318005FB0B202702B9 /* [CP] Copy Pods Resources */ = {
			isa = PBXShellScriptBuildPhase;
			buildActionMask = 2147483647;
			files = (
			);
			inputPaths = (
			);
			name = "[CP] Copy Pods Resources";
			outputPaths = (
			);
			runOnlyForDeploymentPostprocessing = 0;
			shellPath = /bin/sh;
			shellScript = "\"${SRCROOT}/Pods/Target Support Files/Pods-Beerfinder/Pods-Beerfinder-resources.sh\"\n";
			showEnvVarsInLog = 0;
		};
		C3881535BDCF887EB31A52B2 /* [CP] Check Pods Manifest.lock */ = {
			isa = PBXShellScriptBuildPhase;
			buildActionMask = 2147483647;
			files = (
			);
			inputPaths = (
			);
			name = "[CP] Check Pods Manifest.lock";
			outputPaths = (
			);
			runOnlyForDeploymentPostprocessing = 0;
			shellPath = /bin/sh;
			shellScript = "diff \"${PODS_PODFILE_DIR_PATH}/Podfile.lock\" \"${PODS_ROOT}/Manifest.lock\" > /dev/null\nif [ $? != 0 ] ; then\n    # print error to STDERR\n    echo \"error: The sandbox is not in sync with the Podfile.lock. Run 'pod install' or update your CocoaPods installation.\" >&2\n    exit 1\nfi\n";
			showEnvVarsInLog = 0;
		};
		E96D1212E1396636A70E35D1 /* [CP] Embed Pods Frameworks */ = {
			isa = PBXShellScriptBuildPhase;
			buildActionMask = 2147483647;
			files = (
			);
			inputPaths = (
			);
			name = "[CP] Embed Pods Frameworks";
			outputPaths = (
			);
			runOnlyForDeploymentPostprocessing = 0;
			shellPath = /bin/sh;
			shellScript = "\"${SRCROOT}/Pods/Target Support Files/Pods-Beerfinder/Pods-Beerfinder-frameworks.sh\"\n";
			showEnvVarsInLog = 0;
		};
/* End PBXShellScriptBuildPhase section */

/* Begin PBXSourcesBuildPhase section */
		FCC6D4131F27152200E8EA1B /* Sources */ = {
			isa = PBXSourcesBuildPhase;
			buildActionMask = 2147483647;
			files = (
				FC0BA2061F27488F00CA2C0F /* Headable.swift in Sources */,
				FCC6D4581F2730E600E8EA1B /* LocationSearchManager.swift in Sources */,
				FCC6D4551F2717D400E8EA1B /* HeadingArrowView.swift in Sources */,
				FCC6D41D1F27152200E8EA1B /* WayfinderViewController.swift in Sources */,
				FCC6D44D1F27164100E8EA1B /* HeadingViewController.swift in Sources */,
				FCC6D41B1F27152200E8EA1B /* AppDelegate.swift in Sources */,
				FCC6D44A1F2715ED00E8EA1B /* UserLocationManager.swift in Sources */,
				FCC6D4501F27173C00E8EA1B /* LocationSelectionViewController.swift in Sources */,
				FCC6D4521F27178800E8EA1B /* HeadingView.swift in Sources */,
			);
			runOnlyForDeploymentPostprocessing = 0;
		};
		FCC6D42C1F27154100E8EA1B /* Sources */ = {
			isa = PBXSourcesBuildPhase;
			buildActionMask = 2147483647;
			files = (
				FCC6D4351F27154100E8EA1B /* BeerfinderViewController.swift in Sources */,
				FCC6D44E1F27164100E8EA1B /* HeadingViewController.swift in Sources */,
				FCC6D4531F27178800E8EA1B /* HeadingView.swift in Sources */,
				FCC6D4591F2730E600E8EA1B /* LocationSearchManager.swift in Sources */,
				FC0BA2031F2744A300CA2C0F /* HeadingBottleView.swift in Sources */,
				FCC6D4331F27154100E8EA1B /* AppDelegate.swift in Sources */,
				FCF0CC571F74E8020077A72D /* Credentials.swift in Sources */,
				FCC6D44B1F2715ED00E8EA1B /* UserLocationManager.swift in Sources */,
				FCC6D4561F2717D400E8EA1B /* HeadingArrowView.swift in Sources */,
				FC0BA2071F27488F00CA2C0F /* Headable.swift in Sources */,
				FC0BA2021F2744A300CA2C0F /* Bottleshop.swift in Sources */,
				FC0BA2041F2744A300CA2C0F /* BottleshopManager.swift in Sources */,
			);
			runOnlyForDeploymentPostprocessing = 0;
		};
/* End PBXSourcesBuildPhase section */

/* Begin PBXVariantGroup section */
		FCC6D41E1F27152200E8EA1B /* Main.storyboard */ = {
			isa = PBXVariantGroup;
			children = (
				FCC6D41F1F27152200E8EA1B /* Base */,
			);
			name = Main.storyboard;
			sourceTree = "<group>";
		};
		FCC6D4231F27152200E8EA1B /* LaunchScreen.storyboard */ = {
			isa = PBXVariantGroup;
			children = (
				FCC6D4241F27152200E8EA1B /* Base */,
			);
			name = LaunchScreen.storyboard;
			sourceTree = "<group>";
		};
		FCC6D4361F27154100E8EA1B /* Main.storyboard */ = {
			isa = PBXVariantGroup;
			children = (
				FCC6D4371F27154100E8EA1B /* Base */,
			);
			name = Main.storyboard;
			sourceTree = "<group>";
		};
		FCC6D43B1F27154100E8EA1B /* LaunchScreen.storyboard */ = {
			isa = PBXVariantGroup;
			children = (
				FCC6D43C1F27154100E8EA1B /* Base */,
			);
			name = LaunchScreen.storyboard;
			sourceTree = "<group>";
		};
/* End PBXVariantGroup section */

/* Begin XCBuildConfiguration section */
		FCC6D4271F27152200E8EA1B /* Debug */ = {
			isa = XCBuildConfiguration;
			buildSettings = {
				ALWAYS_SEARCH_USER_PATHS = NO;
				CLANG_ANALYZER_NONNULL = YES;
				CLANG_ANALYZER_NUMBER_OBJECT_CONVERSION = YES_AGGRESSIVE;
				CLANG_CXX_LANGUAGE_STANDARD = "gnu++0x";
				CLANG_CXX_LIBRARY = "libc++";
				CLANG_ENABLE_MODULES = YES;
				CLANG_ENABLE_OBJC_ARC = YES;
				CLANG_WARN_BOOL_CONVERSION = YES;
				CLANG_WARN_CONSTANT_CONVERSION = YES;
				CLANG_WARN_DIRECT_OBJC_ISA_USAGE = YES_ERROR;
				CLANG_WARN_DOCUMENTATION_COMMENTS = YES;
				CLANG_WARN_EMPTY_BODY = YES;
				CLANG_WARN_ENUM_CONVERSION = YES;
				CLANG_WARN_INFINITE_RECURSION = YES;
				CLANG_WARN_INT_CONVERSION = YES;
				CLANG_WARN_OBJC_ROOT_CLASS = YES_ERROR;
				CLANG_WARN_SUSPICIOUS_MOVE = YES;
				CLANG_WARN_UNREACHABLE_CODE = YES;
				CLANG_WARN__DUPLICATE_METHOD_MATCH = YES;
				"CODE_SIGN_IDENTITY[sdk=iphoneos*]" = "iPhone Developer";
				COPY_PHASE_STRIP = NO;
				DEBUG_INFORMATION_FORMAT = dwarf;
				ENABLE_STRICT_OBJC_MSGSEND = YES;
				ENABLE_TESTABILITY = YES;
				GCC_C_LANGUAGE_STANDARD = gnu99;
				GCC_DYNAMIC_NO_PIC = NO;
				GCC_NO_COMMON_BLOCKS = YES;
				GCC_OPTIMIZATION_LEVEL = 0;
				GCC_PREPROCESSOR_DEFINITIONS = (
					"DEBUG=1",
					"$(inherited)",
				);
				GCC_WARN_64_TO_32_BIT_CONVERSION = YES;
				GCC_WARN_ABOUT_RETURN_TYPE = YES_ERROR;
				GCC_WARN_UNDECLARED_SELECTOR = YES;
				GCC_WARN_UNINITIALIZED_AUTOS = YES_AGGRESSIVE;
				GCC_WARN_UNUSED_FUNCTION = YES;
				GCC_WARN_UNUSED_VARIABLE = YES;
				IPHONEOS_DEPLOYMENT_TARGET = 10.3;
				MTL_ENABLE_DEBUG_INFO = YES;
				ONLY_ACTIVE_ARCH = YES;
				SDKROOT = iphoneos;
				SWIFT_ACTIVE_COMPILATION_CONDITIONS = DEBUG;
				SWIFT_OPTIMIZATION_LEVEL = "-Onone";
			};
			name = Debug;
		};
		FCC6D4281F27152200E8EA1B /* Release */ = {
			isa = XCBuildConfiguration;
			buildSettings = {
				ALWAYS_SEARCH_USER_PATHS = NO;
				CLANG_ANALYZER_NONNULL = YES;
				CLANG_ANALYZER_NUMBER_OBJECT_CONVERSION = YES_AGGRESSIVE;
				CLANG_CXX_LANGUAGE_STANDARD = "gnu++0x";
				CLANG_CXX_LIBRARY = "libc++";
				CLANG_ENABLE_MODULES = YES;
				CLANG_ENABLE_OBJC_ARC = YES;
				CLANG_WARN_BOOL_CONVERSION = YES;
				CLANG_WARN_CONSTANT_CONVERSION = YES;
				CLANG_WARN_DIRECT_OBJC_ISA_USAGE = YES_ERROR;
				CLANG_WARN_DOCUMENTATION_COMMENTS = YES;
				CLANG_WARN_EMPTY_BODY = YES;
				CLANG_WARN_ENUM_CONVERSION = YES;
				CLANG_WARN_INFINITE_RECURSION = YES;
				CLANG_WARN_INT_CONVERSION = YES;
				CLANG_WARN_OBJC_ROOT_CLASS = YES_ERROR;
				CLANG_WARN_SUSPICIOUS_MOVE = YES;
				CLANG_WARN_UNREACHABLE_CODE = YES;
				CLANG_WARN__DUPLICATE_METHOD_MATCH = YES;
				"CODE_SIGN_IDENTITY[sdk=iphoneos*]" = "iPhone Developer";
				COPY_PHASE_STRIP = NO;
				DEBUG_INFORMATION_FORMAT = "dwarf-with-dsym";
				ENABLE_NS_ASSERTIONS = NO;
				ENABLE_STRICT_OBJC_MSGSEND = YES;
				GCC_C_LANGUAGE_STANDARD = gnu99;
				GCC_NO_COMMON_BLOCKS = YES;
				GCC_WARN_64_TO_32_BIT_CONVERSION = YES;
				GCC_WARN_ABOUT_RETURN_TYPE = YES_ERROR;
				GCC_WARN_UNDECLARED_SELECTOR = YES;
				GCC_WARN_UNINITIALIZED_AUTOS = YES_AGGRESSIVE;
				GCC_WARN_UNUSED_FUNCTION = YES;
				GCC_WARN_UNUSED_VARIABLE = YES;
				IPHONEOS_DEPLOYMENT_TARGET = 10.3;
				MTL_ENABLE_DEBUG_INFO = NO;
				SDKROOT = iphoneos;
				SWIFT_OPTIMIZATION_LEVEL = "-Owholemodule";
				VALIDATE_PRODUCT = YES;
			};
			name = Release;
		};
		FCC6D42A1F27152200E8EA1B /* Debug */ = {
			isa = XCBuildConfiguration;
			buildSettings = {
				ASSETCATALOG_COMPILER_APPICON_NAME = AppIcon;
				DEVELOPMENT_TEAM = 6CW3378X23;
				INFOPLIST_FILE = Wayfinder/Info.plist;
				LD_RUNPATH_SEARCH_PATHS = "$(inherited) @executable_path/Frameworks";
				PRODUCT_BUNDLE_IDENTIFIER = com.dylanelliott.wayfinder;
				PRODUCT_NAME = "$(TARGET_NAME)";
				PROVISIONING_PROFILE = "c7f2a366-f7cf-4b2d-bf4d-c3485a2b8114";
				PROVISIONING_PROFILE_SPECIFIER = "Wayfinder Development Provisioning Profile";
				SWIFT_VERSION = 3.0;
			};
			name = Debug;
		};
		FCC6D42B1F27152200E8EA1B /* Release */ = {
			isa = XCBuildConfiguration;
			buildSettings = {
				ASSETCATALOG_COMPILER_APPICON_NAME = AppIcon;
				"CODE_SIGN_IDENTITY[sdk=iphoneos*]" = "iPhone Distribution";
				DEVELOPMENT_TEAM = 6CW3378X23;
				INFOPLIST_FILE = Wayfinder/Info.plist;
				LD_RUNPATH_SEARCH_PATHS = "$(inherited) @executable_path/Frameworks";
				PRODUCT_BUNDLE_IDENTIFIER = com.dylanelliott.wayfinder;
				PRODUCT_NAME = "$(TARGET_NAME)";
				PROVISIONING_PROFILE = "b517f0ac-19a5-49e1-b332-270bfc2c2595";
				PROVISIONING_PROFILE_SPECIFIER = "Wayfinder App Store Provisioning Profile";
				SWIFT_VERSION = 3.0;
			};
			name = Release;
		};
		FCC6D4401F27154100E8EA1B /* Debug */ = {
			isa = XCBuildConfiguration;
			baseConfigurationReference = BD4E896A5477F8A85124CC0B /* Pods-Beerfinder.debug.xcconfig */;
			buildSettings = {
				ASSETCATALOG_COMPILER_APPICON_NAME = AppIcon;
				DEVELOPMENT_TEAM = 6CW3378X23;
				INFOPLIST_FILE = Beerfinder/Info.plist;
				LD_RUNPATH_SEARCH_PATHS = "$(inherited) @executable_path/Frameworks";
				PRODUCT_BUNDLE_IDENTIFIER = com.dylanelliott.beerfinder;
				PRODUCT_NAME = "$(TARGET_NAME)";
				PROVISIONING_PROFILE = "2820b994-e6bb-40e7-b886-7427b58e77f3";
				PROVISIONING_PROFILE_SPECIFIER = "Beerfinder Development Provisioning Profile";
				SWIFT_VERSION = 3.0;
			};
			name = Debug;
		};
		FCC6D4411F27154100E8EA1B /* Release */ = {
			isa = XCBuildConfiguration;
			baseConfigurationReference = 6921C46C508A29E3D80826C0 /* Pods-Beerfinder.release.xcconfig */;
			buildSettings = {
				ASSETCATALOG_COMPILER_APPICON_NAME = AppIcon;
				"CODE_SIGN_IDENTITY[sdk=iphoneos*]" = "iPhone Distribution";
				DEVELOPMENT_TEAM = 6CW3378X23;
				INFOPLIST_FILE = Beerfinder/Info.plist;
				LD_RUNPATH_SEARCH_PATHS = "$(inherited) @executable_path/Frameworks";
				PRODUCT_BUNDLE_IDENTIFIER = com.dylanelliott.beerfinder;
				PRODUCT_NAME = "$(TARGET_NAME)";
				PROVISIONING_PROFILE = "aad864f5-9600-4bc6-b76b-202d355dac10";
				PROVISIONING_PROFILE_SPECIFIER = "Beerfinder App Store Provisioning Profile";
				SWIFT_VERSION = 3.0;
			};
			name = Release;
		};
/* End XCBuildConfiguration section */

/* Begin XCConfigurationList section */
		FCC6D4121F27152200E8EA1B /* Build configuration list for PBXProject "Wayfinder" */ = {
			isa = XCConfigurationList;
			buildConfigurations = (
				FCC6D4271F27152200E8EA1B /* Debug */,
				FCC6D4281F27152200E8EA1B /* Release */,
			);
			defaultConfigurationIsVisible = 0;
			defaultConfigurationName = Release;
		};
		FCC6D4291F27152200E8EA1B /* Build configuration list for PBXNativeTarget "Wayfinder" */ = {
			isa = XCConfigurationList;
			buildConfigurations = (
				FCC6D42A1F27152200E8EA1B /* Debug */,
				FCC6D42B1F27152200E8EA1B /* Release */,
			);
			defaultConfigurationIsVisible = 0;
			defaultConfigurationName = Release;
		};
		FCC6D43F1F27154100E8EA1B /* Build configuration list for PBXNativeTarget "Beerfinder" */ = {
			isa = XCConfigurationList;
			buildConfigurations = (
				FCC6D4401F27154100E8EA1B /* Debug */,
				FCC6D4411F27154100E8EA1B /* Release */,
			);
			defaultConfigurationIsVisible = 0;
			defaultConfigurationName = Release;
		};
/* End XCConfigurationList section */
	};
	rootObject = FCC6D40F1F27152200E8EA1B /* Project object */;
}
